{
  "name": "canny-cli",
  "version": "1.0.0",
  "lockfileVersion": 3,
  "requires": true,
  "packages": {
    "": {
      "name": "canny-cli",
      "version": "1.0.0",
      "license": "ISC",
      "dependencies": {
        "@alcyone-labs/arg-parser": "file:../../../",
        "chalk": "^5.4.1",
        "zod": "^3.23.8"
      }
    },
    "../../..": {
      "name": "@alcyone-labs/arg-parser",
      "version": "2.2.1",
      "license": "MIT",
      "dependencies": {
        "@alcyone-labs/simple-chalk": "^1.0.1",
        "@alcyone-labs/simple-mcp-logger": "^1.1.0",
        "magic-regexp": "^0.10.0",
        "zod": "^3.25.76"
      },
      "devDependencies": {
        "@ianvs/prettier-plugin-sort-imports": "^4.5.1",
        "@types/adm-zip": "^0.5.7",
        "@types/express": "^5.0.3",
        "@types/js-yaml": "^4.0.9",
        "@types/node": "^22.16.3",
        "cross-env": "^7.0.3",
        "madge": "^8.0.0",
        "prettier": "^3.6.2",
        "ts-node": "^10.9.2",
        "typescript": "^5.8.3",
        "vite": "^6.3.5",
        "vite-tsconfig-paths": "^5.1.4",
        "vitest": "^3.2.4"
      },
      "engines": {
        "node": ">=18.0.0"
      },
      "optionalDependencies": {
        "@modelcontextprotocol/sdk": "^1.15.1",
        "dotenv": "^16.6.1",
        "express": "^5.1.0",
        "js-yaml": "^4.1.0",
        "smol-toml": "^1.4.1",
        "tsdown": "^0.12.9"
      }
    },
    "node_modules/@alcyone-labs/arg-parser": {
      "resolved": "../../..",
      "link": true
    },
    "node_modules/chalk": {
      "version": "5.4.1",
      "resolved": "https://registry.npmjs.org/chalk/-/chalk-5.4.1.tgz",
      "integrity": "sha512-zgVZuo2WcZgfUEmsn6eO3kINexW8RAE4maiQ8QNs8CtpPCSyMiYsULR3HQYkm3w8FIA3SberyMJMSldGsW+U3w==",
      "license": "MIT",
      "engines": {
        "node": "^12.17.0 || ^14.13 || >=16.0.0"
      },
      "funding": {
        "url": "https://github.com/chalk/chalk?sponsor=1"
      }
    },
    "node_modules/zod": {
      "version": "3.25.76",
      "resolved": "https://registry.npmjs.org/zod/-/zod-3.25.76.tgz",
      "integrity": "sha512-gzUt/qt81nXsFGKIFcC3YnfEAx5NkunCfnDlvuBSSFS02bcXu4Lmea0AFIUwbLWxWPx3d9p8S5QoaujKcNQxcQ==",
      "license": "MIT",
      "funding": {
        "url": "https://github.com/sponsors/colinhacks"
      }
    }
  }
}
